{
    "version": 3,
    "terraform_version": "0.11.13",
    "serial": 9,
    "lineage": "993bd9d5-29b1-5cde-0fa1-d35d14af6441",
    "modules": [
        {
            "path": [
                "root"
            ],
            "outputs": {},
            "resources": {
                "google_compute_firewall.default": {
                    "type": "google_compute_firewall",
                    "depends_on": [],
                    "primary": {
                        "id": "idm-firewall",
                        "attributes": {
                            "allow.#": "2",
                            "allow.1367131964.ports.#": "0",
                            "allow.1367131964.protocol": "icmp",
                            "allow.2587488672.ports.#": "4",
                            "allow.2587488672.ports.0": "80",
                            "allow.2587488672.ports.1": "8080",
                            "allow.2587488672.ports.2": "1000-2000",
                            "allow.2587488672.ports.3": "3000",
                            "allow.2587488672.protocol": "tcp",
                            "creation_timestamp": "2019-04-26T07:46:31.105-07:00",
                            "deny.#": "0",
                            "description": "",
                            "destination_ranges.#": "0",
                            "direction": "INGRESS",
                            "disabled": "false",
                            "id": "idm-firewall",
                            "name": "idm-firewall",
                            "network": "https://www.googleapis.com/compute/v1/projects/idmobile-assignment/global/networks/id-mobile-net",
                            "priority": "1000",
                            "project": "idmobile-assignment",
                            "self_link": "https://www.googleapis.com/compute/v1/projects/idmobile-assignment/global/firewalls/idm-firewall",
                            "source_ranges.#": "1",
                            "source_ranges.1080289494": "0.0.0.0/0",
                            "source_service_accounts.#": "0",
                            "source_tags.#": "0",
                            "target_service_accounts.#": "0",
                            "target_tags.#": "0"
                        },
                        "meta": {
                            "e2bfb730-ecaa-11e6-8f88-34363bc7c4c0": {
                                "create": 240000000000,
                                "delete": 240000000000,
                                "update": 240000000000
                            },
                            "schema_version": "1"
                        },
                        "tainted": false
                    },
                    "deposed": [],
                    "provider": "provider.google"
                },
                "google_compute_instance.vm_instance": {
                    "type": "google_compute_instance",
                    "depends_on": [],
                    "primary": {
                        "id": "id-mobile-assignment",
                        "attributes": {
                            "attached_disk.#": "0",
                            "boot_disk.#": "1",
                            "boot_disk.0.auto_delete": "true",
                            "boot_disk.0.device_name": "persistent-disk-0",
                            "boot_disk.0.disk_encryption_key_raw": "",
                            "boot_disk.0.disk_encryption_key_sha256": "",
                            "boot_disk.0.initialize_params.#": "1",
                            "boot_disk.0.initialize_params.0.image": "https://www.googleapis.com/compute/v1/projects/centos-cloud/global/images/centos-7-v20190423",
                            "boot_disk.0.initialize_params.0.size": "10",
                            "boot_disk.0.initialize_params.0.type": "pd-standard",
                            "boot_disk.0.source": "https://www.googleapis.com/compute/v1/projects/idmobile-assignment/zones/europe-west2-a/disks/id-mobile-assignment",
                            "can_ip_forward": "false",
                            "cpu_platform": "Intel Broadwell",
                            "deletion_protection": "false",
                            "guest_accelerator.#": "0",
                            "hostname": "",
                            "id": "id-mobile-assignment",
                            "instance_id": "2920894603205715752",
                            "label_fingerprint": "42WmSpB8rSM=",
                            "labels.%": "0",
                            "machine_type": "n1-standard-1",
                            "metadata.%": "0",
                            "metadata_fingerprint": "nkvFZXZ4ZWI=",
                            "metadata_startup_script": "",
                            "min_cpu_platform": "",
                            "name": "id-mobile-assignment",
                            "network_interface.#": "1",
                            "network_interface.0.access_config.#": "1",
                            "network_interface.0.access_config.0.assigned_nat_ip": "",
                            "network_interface.0.access_config.0.nat_ip": "35.234.144.111",
                            "network_interface.0.access_config.0.network_tier": "PREMIUM",
                            "network_interface.0.access_config.0.public_ptr_domain_name": "",
                            "network_interface.0.address": "",
                            "network_interface.0.alias_ip_range.#": "0",
                            "network_interface.0.name": "nic0",
                            "network_interface.0.network": "https://www.googleapis.com/compute/v1/projects/idmobile-assignment/global/networks/id-mobile-net",
                            "network_interface.0.network_ip": "10.154.0.2",
                            "network_interface.0.subnetwork": "https://www.googleapis.com/compute/v1/projects/idmobile-assignment/regions/europe-west2/subnetworks/id-mobile-net",
                            "network_interface.0.subnetwork_project": "idmobile-assignment",
                            "project": "idmobile-assignment",
                            "scheduling.#": "1",
                            "scheduling.0.automatic_restart": "true",
                            "scheduling.0.on_host_maintenance": "MIGRATE",
                            "scheduling.0.preemptible": "false",
                            "scratch_disk.#": "0",
                            "self_link": "https://www.googleapis.com/compute/v1/projects/idmobile-assignment/zones/europe-west2-a/instances/id-mobile-assignment",
                            "service_account.#": "0",
                            "tags.#": "0",
                            "tags_fingerprint": "42WmSpB8rSM=",
                            "zone": "europe-west2-a"
                        },
                        "meta": {
                            "e2bfb730-ecaa-11e6-8f88-34363bc7c4c0": {
                                "create": 360000000000,
                                "delete": 360000000000,
                                "update": 360000000000
                            },
                            "schema_version": "6"
                        },
                        "tainted": true
                    },
                    "deposed": [],
                    "provider": "provider.google"
                },
                "google_compute_network.vpc_network": {
                    "type": "google_compute_network",
                    "depends_on": [],
                    "primary": {
                        "id": "id-mobile-net",
                        "attributes": {
                            "auto_create_subnetworks": "true",
                            "delete_default_routes_on_create": "false",
                            "description": "",
                            "gateway_ipv4": "",
                            "id": "id-mobile-net",
                            "ipv4_range": "",
                            "name": "id-mobile-net",
                            "project": "idmobile-assignment",
                            "routing_mode": "REGIONAL",
                            "self_link": "https://www.googleapis.com/compute/v1/projects/idmobile-assignment/global/networks/id-mobile-net"
                        },
                        "meta": {
                            "e2bfb730-ecaa-11e6-8f88-34363bc7c4c0": {
                                "create": 240000000000,
                                "delete": 240000000000,
                                "update": 240000000000
                            }
                        },
                        "tainted": false
                    },
                    "deposed": [],
                    "provider": "provider.google"
                }
            },
            "depends_on": []
        }
    ]
}
